{
  "version": 4,
  "terraform_version": "1.12.2",
  "serial": 6,
  "lineage": "3ad48fcc-238e-3a21-49bd-4516eff52592",
  "outputs": {
    "jenkins_agent_ip": {
      "value": "192.155.90.37",
      "type": "string"
    },
    "jenkins_master_ip": {
      "value": "192.155.90.198",
      "type": "string"
    },
    "lke_kubeconfig": {
      "value": "CmFwaVZlcnNpb246IHYxCmtpbmQ6IENvbmZpZwpwcmVmZXJlbmNlczoge30KCmNsdXN0ZXJzOgotIGNsdXN0ZXI6CiAgICBjZXJ0aWZpY2F0ZS1hdXRob3JpdHktZGF0YTogTFMwdExTMUNSVWRKVGlCRFJWSlVTVVpKUTBGVVJTMHRMUzB0Q2sxSlNVUkNWRU5EUVdVeVowRjNTVUpCWjBsSlZuTjNlVk5DVG1SNFVVRjNSRkZaU2t0dldrbG9kbU5PUVZGRlRFSlJRWGRHVkVWVVRVSkZSMEV4VlVVS1FYaE5TMkV6Vm1sYVdFcDFXbGhTYkdONlFXVkdkekI1VGxSQk5FMUVVWGhOVkVWM1RrUmFZVVozTUhwT1ZFRTBUVVJKZUUxVVJURk9SRnBoVFVKVmVBcEZla0ZTUW1kT1ZrSkJUVlJEYlhReFdXMVdlV0p0VmpCYVdFMTNaMmRGYVUxQk1FZERVM0ZIVTBsaU0wUlJSVUpCVVZWQlFUUkpRa1IzUVhkblowVkxDa0Z2U1VKQlVVUmhURGxyV0V0MmVqVm5OR1k0VEVsck1FVnpPVGRaWkVKek1UVk9hMU5TWmpOVmRqRjBhbWRRUzFRMldtRkdTMGhZVTBjeVYzRlZaa0VLYVRGMWIxZHNkbU5JTVVkdk1XTlJhR2szUW1aU01uaG1WbWR5TW14emVGUndhVnBhU0VSU1dHc3dUMFZPYjNKVVJqaDVRV2hvY1dOTVlVdzNSVFJvT0FvME0ybFJhVkU0TVhCelVqRXlXVGgyUVRkcFprRlFlbXRhUVZCa1UweHVlakJXV25ob1IwSTJjRXRoUmxob1JYaFFNa2c1UVhsU2RrdHNVVVY2Wm1GV0NsQjZUM2R5T0hKelZVTkVTbnBXY1VKR0sxa3libTVhUzB0S1dHODFlVTFKU2pZMVQzWkZOMUJZTTI1cE5tVm5iVVZDVVZaRk5YazBkMWhvUTFCaGJuRUtVbGxKSzFkTlJqVTNVelJxVkVsTkszY3dkbFpwUW5ndmJFdzJTelJoWVRsTWQwWkVkbUprVjBWaVJucDNVbmx1UmxZeVYybzVjMHQ2ZWpWcFdXdE9UQW80U0ROb1VYWkphMGh4U2xOMFdHazBVMXBMYUZWTlJuUmtPVVpHUVdkTlFrRkJSMnBYVkVKWVRVRTBSMEV4VldSRWQwVkNMM2RSUlVGM1NVTndSRUZRQ2tKblRsWklVazFDUVdZNFJVSlVRVVJCVVVndlRVSXdSMEV4VldSRVoxRlhRa0pVV2sxYVlYUmlRMmx5ZW01cFMybDBSMWxNY1RaS2NrYzBWU3RFUVZZS1FtZE9Wa2hTUlVWRWFrRk5aMmR3Y21SWFNteGpiVFZzWkVkV2VrMUJNRWREVTNGSFUwbGlNMFJSUlVKRGQxVkJRVFJKUWtGUlF6QXlXa0Y1Y1c1aldRcDJkR1JHYTBWa1FsTktNVWxWY0RscGRpOUJWbUpQYTAxVlNGZERXbWxZUW1rck5WZHhjM1ZYYmxCT1dtbFdlVWdyTjB0aU5IRmhibFoyWTJ4eFlteENDbmcyTlZOME5VWXdSMWw2WjJsak9EZHFhVVE0THpSNVduQk1TbXBOWkhwQlIybzNXbXcyTHpGcE5qWXpjbnBpY2pSaVVFTnhhWEZKUVZJNVNtSk5iMjhLVWpCbVJHVkthV001Um5KMGFWRmljblp6Y1ZkNlNWSllWbmxwUzBoaVpFMXpWalpOYlZJNFFpOTVTVk5CUkdaTlJGaFZVSFZLWjNWMWQwbHBhVEZ4U0FveGNGWXJiMjlXTVhOM01FeE9TMVJWU0VsQmVYUkNiVVpwUTJGVGFuVk5la015YlZSclJESjRkRGd6YTBVMmNUVnhPRzFTTWxGYVRHcDFUM0JyYURWMENqTm1hVE5wYkc5M09VaFdjelpXVmpKT01UWm5jVmhaYVc1aFMyMUJkVFZTTDI1Nk9UZEZjRFpKUlZsdE5HNHpOVEZyYTNwVVJrdGlkbFIxTkc1dlp6Y0tkVlJ1Y2s1VWNHUmhObmtyQ2kwdExTMHRSVTVFSUVORlVsUkpSa2xEUVZSRkxTMHRMUzBLCiAgICBzZXJ2ZXI6IGh0dHBzOi8vZDU5MjM5OGQtZDkwNi00Y2JhLTgyZWQtZDJjYTI3ZGQwMzM4LnVzLWVhc3QtMi1ndy5saW5vZGVsa2UubmV0OjQ0MwogIG5hbWU6IGxrZTUwNDQyMgoKdXNlcnM6Ci0gbmFtZTogbGtlNTA0NDIyLWFkbWluCiAgdXNlcjoKICAgIGFzLXVzZXItZXh0cmE6IHt9CiAgICB0b2tlbjogZXlKaGJHY2lPaUpTVXpJMU5pSXNJbXRwWkNJNkltUldaR1ZqVTBScWFXZFBNRnBwYURFMFpHZ3hhalphUWpWWVRIUXdRbWQzYm5Cek4yUnNTazVKTlZVaWZRLmV5SnBjM01pT2lKcmRXSmxjbTVsZEdWekwzTmxjblpwWTJWaFkyTnZkVzUwSWl3aWEzVmlaWEp1WlhSbGN5NXBieTl6WlhKMmFXTmxZV05qYjNWdWRDOXVZVzFsYzNCaFkyVWlPaUpyZFdKbExYTjVjM1JsYlNJc0ltdDFZbVZ5Ym1WMFpYTXVhVzh2YzJWeWRtbGpaV0ZqWTI5MWJuUXZjMlZqY21WMExtNWhiV1VpT2lKc2EyVXRZV1J0YVc0dGRHOXJaVzR0ZDI1aWVISWlMQ0pyZFdKbGNtNWxkR1Z6TG1sdkwzTmxjblpwWTJWaFkyTnZkVzUwTDNObGNuWnBZMlV0WVdOamIzVnVkQzV1WVcxbElqb2liR3RsTFdGa2JXbHVJaXdpYTNWaVpYSnVaWFJsY3k1cGJ5OXpaWEoyYVdObFlXTmpiM1Z1ZEM5elpYSjJhV05sTFdGalkyOTFiblF1ZFdsa0lqb2lPRE0xTkRFeFptWXROR0kyTkMwME5qQTRMV0U0WkRNdE1ERTRNV000WlRCak5qRXlJaXdpYzNWaUlqb2ljM2x6ZEdWdE9uTmxjblpwWTJWaFkyTnZkVzUwT210MVltVXRjM2x6ZEdWdE9teHJaUzFoWkcxcGJpSjkuSkZPMldUZWNJdWMxdHc0M3A5eS1HZW5Db1BkbVdPbzNZWWVPTlZCNUxnYzVLa290R0hIbEZJSEtycDBSS19YT3BjWVVNZ0paTXNhaEFHVXkxMF9RZ3NURzFrMHJpUWlYUVp4cURuUDR0UjRaZkhQbk42cGpaelR1M3hqS0QzOGRPQWc0U1pSZ0Jjb3lyOERKUjYxQmh6bmxmRnNoWU11dDF0LTdaeUVHSkMwZEdFWEw4cjRyRWs5dUlZMDBoUlhUb3Y1V3M4eXo0Sm1qazZXSjhSR3RtOF9qOVZEMWdZQlhicmNON25GdlhwaUVsQ0NnQW40MVQzVWFaV2RPMFF1ZnNnb1QteFJrSkRqMVRzUjM5UTNyTVU2S0c4VXJwT21saHowZ1pWRTF1VzV6LVNSbjk1b2VhTUZSSFQwVFU0Zkxwc0JLRDQwY1k1bWx3WmN6bHRNUHdBCgpjb250ZXh0czoKLSBjb250ZXh0OgogICAgY2x1c3RlcjogbGtlNTA0NDIyCiAgICBuYW1lc3BhY2U6IGRlZmF1bHQKICAgIHVzZXI6IGxrZTUwNDQyMi1hZG1pbgogIG5hbWU6IGxrZTUwNDQyMi1jdHgKCmN1cnJlbnQtY29udGV4dDogbGtlNTA0NDIyLWN0eAo=",
      "type": "string",
      "sensitive": true
    }
  },
  "resources": [
    {
      "mode": "managed",
      "type": "linode_instance",
      "name": "jenkins_agent",
      "provider": "provider[\"registry.terraform.io/linode/linode\"]",
      "instances": [
        {
          "schema_version": 0,
          "attributes": {
            "alerts": [
              {
                "cpu": 90,
                "io": 10000,
                "network_in": 10,
                "network_out": 10,
                "transfer_quota": 80
              }
            ],
            "authorized_keys": null,
            "authorized_users": null,
            "backup_id": null,
            "backups": [
              {
                "available": false,
                "enabled": false,
                "schedule": [
                  {
                    "day": "",
                    "window": ""
                  }
                ]
              }
            ],
            "backups_enabled": false,
            "boot_config_label": "My Ubuntu 22.04 LTS Disk Profile",
            "booted": true,
            "capabilities": [],
            "config": [
              {
                "comments": "",
                "devices": [
                  {
                    "sda": [
                      {
                        "disk_id": 156540837,
                        "disk_label": "Ubuntu 22.04 LTS Disk",
                        "volume_id": 0
                      }
                    ],
                    "sdb": [
                      {
                        "disk_id": 156540838,
                        "disk_label": "512 MB Swap Image",
                        "volume_id": 0
                      }
                    ],
                    "sdc": [],
                    "sdd": [],
                    "sde": [],
                    "sdf": [],
                    "sdg": [],
                    "sdh": []
                  }
                ],
                "helpers": [
                  {
                    "devtmpfs_automount": true,
                    "distro": true,
                    "modules_dep": true,
                    "network": true,
                    "updatedb_disabled": true
                  }
                ],
                "id": 84805480,
                "interface": [],
                "kernel": "linode/grub2",
                "label": "My Ubuntu 22.04 LTS Disk Profile",
                "memory_limit": 0,
                "root_device": "/dev/sda",
                "run_level": "default",
                "virt_mode": "paravirt"
              }
            ],
            "disk": [
              {
                "authorized_keys": [],
                "authorized_users": [],
                "filesystem": "ext4",
                "id": 156540837,
                "image": "",
                "label": "Ubuntu 22.04 LTS Disk",
                "read_only": false,
                "root_pass": "",
                "size": 50688,
                "stackscript_data": {},
                "stackscript_id": 0
              },
              {
                "authorized_keys": [],
                "authorized_users": [],
                "filesystem": "swap",
                "id": 156540838,
                "image": "",
                "label": "512 MB Swap Image",
                "read_only": false,
                "root_pass": "",
                "size": 512,
                "stackscript_data": {},
                "stackscript_id": 0
              }
            ],
            "disk_encryption": "enabled",
            "firewall_id": null,
            "group": "",
            "has_user_data": false,
            "host_uuid": "fc51e98f872eab7ab358f29ab1477ba59f9bd8a3",
            "id": "81347198",
            "image": "linode/ubuntu22.04",
            "interface": [],
            "ip_address": "192.155.90.37",
            "ipv4": [
              "192.155.90.37"
            ],
            "ipv6": "2600:3c03::2000:17ff:fe5a:9192/128",
            "label": "jenkins-agent",
            "lke_cluster_id": 0,
            "metadata": [],
            "migration_type": "cold",
            "placement_group": [],
            "placement_group_externally_managed": null,
            "private_ip": false,
            "private_ip_address": null,
            "region": "us-east",
            "resize_disk": false,
            "root_pass": "VMnXOr2JDMtiDVfIntDGj0orLTeW8QxrozO1v4RIAAUb5NpSUu8z5iNwxJWClTVcpL5DTeno16sXM5R0fvSOrg==",
            "shared_ipv4": [],
            "specs": [
              {
                "accelerated_devices": 0,
                "disk": 51200,
                "gpus": 0,
                "memory": 2048,
                "transfer": 2000,
                "vcpus": 1
              }
            ],
            "stackscript_data": null,
            "stackscript_id": null,
            "status": "running",
            "swap_size": 512,
            "tags": [],
            "timeouts": null,
            "type": "g6-standard-1",
            "watchdog_enabled": true
          },
          "sensitive_attributes": [
            [
              {
                "type": "get_attr",
                "value": "disk"
              },
              {
                "type": "index",
                "value": {
                  "value": 0,
                  "type": "number"
                }
              },
              {
                "type": "get_attr",
                "value": "root_pass"
              }
            ],
            [
              {
                "type": "get_attr",
                "value": "disk"
              },
              {
                "type": "index",
                "value": {
                  "value": 0,
                  "type": "number"
                }
              },
              {
                "type": "get_attr",
                "value": "stackscript_data"
              }
            ],
            [
              {
                "type": "get_attr",
                "value": "disk"
              },
              {
                "type": "index",
                "value": {
                  "value": 1,
                  "type": "number"
                }
              },
              {
                "type": "get_attr",
                "value": "root_pass"
              }
            ],
            [
              {
                "type": "get_attr",
                "value": "disk"
              },
              {
                "type": "index",
                "value": {
                  "value": 1,
                  "type": "number"
                }
              },
              {
                "type": "get_attr",
                "value": "stackscript_data"
              }
            ],
            [
              {
                "type": "get_attr",
                "value": "root_pass"
              }
            ],
            [
              {
                "type": "get_attr",
                "value": "stackscript_data"
              }
            ]
          ],
          "identity_schema_version": 0,
          "private": "eyJlMmJmYjczMC1lY2FhLTExZTYtOGY4OC0zNDM2M2JjN2M0YzAiOnsiY3JlYXRlIjo5MDAwMDAwMDAwMDAsImRlbGV0ZSI6NjAwMDAwMDAwMDAwLCJ1cGRhdGUiOjM2MDAwMDAwMDAwMDB9fQ=="
        }
      ]
    },
    {
      "mode": "managed",
      "type": "linode_instance",
      "name": "jenkins_master",
      "provider": "provider[\"registry.terraform.io/linode/linode\"]",
      "instances": [
        {
          "schema_version": 0,
          "attributes": {
            "alerts": [
              {
                "cpu": 90,
                "io": 10000,
                "network_in": 10,
                "network_out": 10,
                "transfer_quota": 80
              }
            ],
            "authorized_keys": null,
            "authorized_users": null,
            "backup_id": null,
            "backups": [
              {
                "available": false,
                "enabled": false,
                "schedule": [
                  {
                    "day": "",
                    "window": ""
                  }
                ]
              }
            ],
            "backups_enabled": false,
            "boot_config_label": "My Ubuntu 22.04 LTS Disk Profile",
            "booted": true,
            "capabilities": [],
            "config": [
              {
                "comments": "",
                "devices": [
                  {
                    "sda": [
                      {
                        "disk_id": 156540833,
                        "disk_label": "Ubuntu 22.04 LTS Disk",
                        "volume_id": 0
                      }
                    ],
                    "sdb": [
                      {
                        "disk_id": 156540835,
                        "disk_label": "512 MB Swap Image",
                        "volume_id": 0
                      }
                    ],
                    "sdc": [],
                    "sdd": [],
                    "sde": [],
                    "sdf": [],
                    "sdg": [],
                    "sdh": []
                  }
                ],
                "helpers": [
                  {
                    "devtmpfs_automount": true,
                    "distro": true,
                    "modules_dep": true,
                    "network": true,
                    "updatedb_disabled": true
                  }
                ],
                "id": 84805478,
                "interface": [],
                "kernel": "linode/grub2",
                "label": "My Ubuntu 22.04 LTS Disk Profile",
                "memory_limit": 0,
                "root_device": "/dev/sda",
                "run_level": "default",
                "virt_mode": "paravirt"
              }
            ],
            "disk": [
              {
                "authorized_keys": [],
                "authorized_users": [],
                "filesystem": "ext4",
                "id": 156540833,
                "image": "",
                "label": "Ubuntu 22.04 LTS Disk",
                "read_only": false,
                "root_pass": "",
                "size": 50688,
                "stackscript_data": {},
                "stackscript_id": 0
              },
              {
                "authorized_keys": [],
                "authorized_users": [],
                "filesystem": "swap",
                "id": 156540835,
                "image": "",
                "label": "512 MB Swap Image",
                "read_only": false,
                "root_pass": "",
                "size": 512,
                "stackscript_data": {},
                "stackscript_id": 0
              }
            ],
            "disk_encryption": "enabled",
            "firewall_id": null,
            "group": "",
            "has_user_data": false,
            "host_uuid": "d12f4c8166491b495a74d13f19d66d4afc806da8",
            "id": "81347196",
            "image": "linode/ubuntu22.04",
            "interface": [],
            "ip_address": "192.155.90.198",
            "ipv4": [
              "192.155.90.198"
            ],
            "ipv6": "2600:3c03::2000:72ff:feb8:c1b1/128",
            "label": "jenkins-master",
            "lke_cluster_id": 0,
            "metadata": [],
            "migration_type": "cold",
            "placement_group": [],
            "placement_group_externally_managed": null,
            "private_ip": false,
            "private_ip_address": null,
            "region": "us-east",
            "resize_disk": false,
            "root_pass": "VMnXOr2JDMtiDVfIntDGj0orLTeW8QxrozO1v4RIAAUb5NpSUu8z5iNwxJWClTVcpL5DTeno16sXM5R0fvSOrg==",
            "shared_ipv4": [],
            "specs": [
              {
                "accelerated_devices": 0,
                "disk": 51200,
                "gpus": 0,
                "memory": 2048,
                "transfer": 2000,
                "vcpus": 1
              }
            ],
            "stackscript_data": null,
            "stackscript_id": null,
            "status": "running",
            "swap_size": 512,
            "tags": [],
            "timeouts": null,
            "type": "g6-standard-1",
            "watchdog_enabled": true
          },
          "sensitive_attributes": [
            [
              {
                "type": "get_attr",
                "value": "disk"
              },
              {
                "type": "index",
                "value": {
                  "value": 0,
                  "type": "number"
                }
              },
              {
                "type": "get_attr",
                "value": "root_pass"
              }
            ],
            [
              {
                "type": "get_attr",
                "value": "disk"
              },
              {
                "type": "index",
                "value": {
                  "value": 0,
                  "type": "number"
                }
              },
              {
                "type": "get_attr",
                "value": "stackscript_data"
              }
            ],
            [
              {
                "type": "get_attr",
                "value": "disk"
              },
              {
                "type": "index",
                "value": {
                  "value": 1,
                  "type": "number"
                }
              },
              {
                "type": "get_attr",
                "value": "root_pass"
              }
            ],
            [
              {
                "type": "get_attr",
                "value": "disk"
              },
              {
                "type": "index",
                "value": {
                  "value": 1,
                  "type": "number"
                }
              },
              {
                "type": "get_attr",
                "value": "stackscript_data"
              }
            ],
            [
              {
                "type": "get_attr",
                "value": "root_pass"
              }
            ],
            [
              {
                "type": "get_attr",
                "value": "stackscript_data"
              }
            ]
          ],
          "identity_schema_version": 0,
          "private": "eyJlMmJmYjczMC1lY2FhLTExZTYtOGY4OC0zNDM2M2JjN2M0YzAiOnsiY3JlYXRlIjo5MDAwMDAwMDAwMDAsImRlbGV0ZSI6NjAwMDAwMDAwMDAwLCJ1cGRhdGUiOjM2MDAwMDAwMDAwMDB9fQ=="
        }
      ]
    },
    {
      "mode": "managed",
      "type": "linode_lke_cluster",
      "name": "main",
      "provider": "provider[\"registry.terraform.io/linode/linode\"]",
      "instances": [
        {
          "schema_version": 0,
          "attributes": {
            "api_endpoints": [
              "https://d592398d-d906-4cba-82ed-d2ca27dd0338.us-east-2-gw.linodelke.net:443",
              "https://d592398d-d906-4cba-82ed-d2ca27dd0338.us-east-2-gw.linodelke.net:6443"
            ],
            "apl_enabled": false,
            "control_plane": [
              {
                "acl": [
                  {
                    "addresses": [
                      {
                        "ipv4": [],
                        "ipv6": []
                      }
                    ],
                    "enabled": false
                  }
                ],
                "high_availability": false
              }
            ],
            "dashboard_url": null,
            "external_pool_tags": null,
            "id": "504422",
            "k8s_version": "1.33",
            "kubeconfig": "CmFwaVZlcnNpb246IHYxCmtpbmQ6IENvbmZpZwpwcmVmZXJlbmNlczoge30KCmNsdXN0ZXJzOgotIGNsdXN0ZXI6CiAgICBjZXJ0aWZpY2F0ZS1hdXRob3JpdHktZGF0YTogTFMwdExTMUNSVWRKVGlCRFJWSlVTVVpKUTBGVVJTMHRMUzB0Q2sxSlNVUkNWRU5EUVdVeVowRjNTVUpCWjBsSlZuTjNlVk5DVG1SNFVVRjNSRkZaU2t0dldrbG9kbU5PUVZGRlRFSlJRWGRHVkVWVVRVSkZSMEV4VlVVS1FYaE5TMkV6Vm1sYVdFcDFXbGhTYkdONlFXVkdkekI1VGxSQk5FMUVVWGhOVkVWM1RrUmFZVVozTUhwT1ZFRTBUVVJKZUUxVVJURk9SRnBoVFVKVmVBcEZla0ZTUW1kT1ZrSkJUVlJEYlhReFdXMVdlV0p0VmpCYVdFMTNaMmRGYVUxQk1FZERVM0ZIVTBsaU0wUlJSVUpCVVZWQlFUUkpRa1IzUVhkblowVkxDa0Z2U1VKQlVVUmhURGxyV0V0MmVqVm5OR1k0VEVsck1FVnpPVGRaWkVKek1UVk9hMU5TWmpOVmRqRjBhbWRRUzFRMldtRkdTMGhZVTBjeVYzRlZaa0VLYVRGMWIxZHNkbU5JTVVkdk1XTlJhR2szUW1aU01uaG1WbWR5TW14emVGUndhVnBhU0VSU1dHc3dUMFZPYjNKVVJqaDVRV2hvY1dOTVlVdzNSVFJvT0FvME0ybFJhVkU0TVhCelVqRXlXVGgyUVRkcFprRlFlbXRhUVZCa1UweHVlakJXV25ob1IwSTJjRXRoUmxob1JYaFFNa2c1UVhsU2RrdHNVVVY2Wm1GV0NsQjZUM2R5T0hKelZVTkVTbnBXY1VKR0sxa3libTVhUzB0S1dHODFlVTFKU2pZMVQzWkZOMUJZTTI1cE5tVm5iVVZDVVZaRk5YazBkMWhvUTFCaGJuRUtVbGxKSzFkTlJqVTNVelJxVkVsTkszY3dkbFpwUW5ndmJFdzJTelJoWVRsTWQwWkVkbUprVjBWaVJucDNVbmx1UmxZeVYybzVjMHQ2ZWpWcFdXdE9UQW80U0ROb1VYWkphMGh4U2xOMFdHazBVMXBMYUZWTlJuUmtPVVpHUVdkTlFrRkJSMnBYVkVKWVRVRTBSMEV4VldSRWQwVkNMM2RSUlVGM1NVTndSRUZRQ2tKblRsWklVazFDUVdZNFJVSlVRVVJCVVVndlRVSXdSMEV4VldSRVoxRlhRa0pVV2sxYVlYUmlRMmx5ZW01cFMybDBSMWxNY1RaS2NrYzBWU3RFUVZZS1FtZE9Wa2hTUlVWRWFrRk5aMmR3Y21SWFNteGpiVFZzWkVkV2VrMUJNRWREVTNGSFUwbGlNMFJSUlVKRGQxVkJRVFJKUWtGUlF6QXlXa0Y1Y1c1aldRcDJkR1JHYTBWa1FsTktNVWxWY0RscGRpOUJWbUpQYTAxVlNGZERXbWxZUW1rck5WZHhjM1ZYYmxCT1dtbFdlVWdyTjB0aU5IRmhibFoyWTJ4eFlteENDbmcyTlZOME5VWXdSMWw2WjJsak9EZHFhVVE0THpSNVduQk1TbXBOWkhwQlIybzNXbXcyTHpGcE5qWXpjbnBpY2pSaVVFTnhhWEZKUVZJNVNtSk5iMjhLVWpCbVJHVkthV001Um5KMGFWRmljblp6Y1ZkNlNWSllWbmxwUzBoaVpFMXpWalpOYlZJNFFpOTVTVk5CUkdaTlJGaFZVSFZLWjNWMWQwbHBhVEZ4U0FveGNGWXJiMjlXTVhOM01FeE9TMVJWU0VsQmVYUkNiVVpwUTJGVGFuVk5la015YlZSclJESjRkRGd6YTBVMmNUVnhPRzFTTWxGYVRHcDFUM0JyYURWMENqTm1hVE5wYkc5M09VaFdjelpXVmpKT01UWm5jVmhaYVc1aFMyMUJkVFZTTDI1Nk9UZEZjRFpKUlZsdE5HNHpOVEZyYTNwVVJrdGlkbFIxTkc1dlp6Y0tkVlJ1Y2s1VWNHUmhObmtyQ2kwdExTMHRSVTVFSUVORlVsUkpSa2xEUVZSRkxTMHRMUzBLCiAgICBzZXJ2ZXI6IGh0dHBzOi8vZDU5MjM5OGQtZDkwNi00Y2JhLTgyZWQtZDJjYTI3ZGQwMzM4LnVzLWVhc3QtMi1ndy5saW5vZGVsa2UubmV0OjQ0MwogIG5hbWU6IGxrZTUwNDQyMgoKdXNlcnM6Ci0gbmFtZTogbGtlNTA0NDIyLWFkbWluCiAgdXNlcjoKICAgIGFzLXVzZXItZXh0cmE6IHt9CiAgICB0b2tlbjogZXlKaGJHY2lPaUpTVXpJMU5pSXNJbXRwWkNJNkltUldaR1ZqVTBScWFXZFBNRnBwYURFMFpHZ3hhalphUWpWWVRIUXdRbWQzYm5Cek4yUnNTazVKTlZVaWZRLmV5SnBjM01pT2lKcmRXSmxjbTVsZEdWekwzTmxjblpwWTJWaFkyTnZkVzUwSWl3aWEzVmlaWEp1WlhSbGN5NXBieTl6WlhKMmFXTmxZV05qYjNWdWRDOXVZVzFsYzNCaFkyVWlPaUpyZFdKbExYTjVjM1JsYlNJc0ltdDFZbVZ5Ym1WMFpYTXVhVzh2YzJWeWRtbGpaV0ZqWTI5MWJuUXZjMlZqY21WMExtNWhiV1VpT2lKc2EyVXRZV1J0YVc0dGRHOXJaVzR0ZDI1aWVISWlMQ0pyZFdKbGNtNWxkR1Z6TG1sdkwzTmxjblpwWTJWaFkyTnZkVzUwTDNObGNuWnBZMlV0WVdOamIzVnVkQzV1WVcxbElqb2liR3RsTFdGa2JXbHVJaXdpYTNWaVpYSnVaWFJsY3k1cGJ5OXpaWEoyYVdObFlXTmpiM1Z1ZEM5elpYSjJhV05sTFdGalkyOTFiblF1ZFdsa0lqb2lPRE0xTkRFeFptWXROR0kyTkMwME5qQTRMV0U0WkRNdE1ERTRNV000WlRCak5qRXlJaXdpYzNWaUlqb2ljM2x6ZEdWdE9uTmxjblpwWTJWaFkyTnZkVzUwT210MVltVXRjM2x6ZEdWdE9teHJaUzFoWkcxcGJpSjkuSkZPMldUZWNJdWMxdHc0M3A5eS1HZW5Db1BkbVdPbzNZWWVPTlZCNUxnYzVLa290R0hIbEZJSEtycDBSS19YT3BjWVVNZ0paTXNhaEFHVXkxMF9RZ3NURzFrMHJpUWlYUVp4cURuUDR0UjRaZkhQbk42cGpaelR1M3hqS0QzOGRPQWc0U1pSZ0Jjb3lyOERKUjYxQmh6bmxmRnNoWU11dDF0LTdaeUVHSkMwZEdFWEw4cjRyRWs5dUlZMDBoUlhUb3Y1V3M4eXo0Sm1qazZXSjhSR3RtOF9qOVZEMWdZQlhicmNON25GdlhwaUVsQ0NnQW40MVQzVWFaV2RPMFF1ZnNnb1QteFJrSkRqMVRzUjM5UTNyTVU2S0c4VXJwT21saHowZ1pWRTF1VzV6LVNSbjk1b2VhTUZSSFQwVFU0Zkxwc0JLRDQwY1k1bWx3WmN6bHRNUHdBCgpjb250ZXh0czoKLSBjb250ZXh0OgogICAgY2x1c3RlcjogbGtlNTA0NDIyCiAgICBuYW1lc3BhY2U6IGRlZmF1bHQKICAgIHVzZXI6IGxrZTUwNDQyMi1hZG1pbgogIG5hbWU6IGxrZTUwNDQyMi1jdHgKCmN1cnJlbnQtY29udGV4dDogbGtlNTA0NDIyLWN0eAo=",
            "label": "dailyfix-lke",
            "pool": [
              {
                "autoscaler": [],
                "count": 3,
                "disk_encryption": "disabled",
                "id": 726534,
                "k8s_version": "",
                "labels": null,
                "nodes": [
                  {
                    "id": "726534-292743ef0000",
                    "instance_id": 81347607,
                    "status": "not_ready"
                  },
                  {
                    "id": "726534-3b953ab20000",
                    "instance_id": 81347611,
                    "status": "not_ready"
                  },
                  {
                    "id": "726534-55a792ba0000",
                    "instance_id": 81347610,
                    "status": "not_ready"
                  }
                ],
                "tags": null,
                "taint": [],
                "type": "g6-standard-2",
                "update_strategy": ""
              }
            ],
            "region": "us-east",
            "status": "ready",
            "tags": [],
            "tier": "",
            "timeouts": null
          },
          "sensitive_attributes": [
            [
              {
                "type": "get_attr",
                "value": "kubeconfig"
              }
            ]
          ],
          "identity_schema_version": 0,
          "private": "eyJlMmJmYjczMC1lY2FhLTExZTYtOGY4OC0zNDM2M2JjN2M0YzAiOnsiY3JlYXRlIjoyMTAwMDAwMDAwMDAwLCJkZWxldGUiOjkwMDAwMDAwMDAwMCwidXBkYXRlIjoyNDAwMDAwMDAwMDAwfX0="
        }
      ]
    }
  ],
  "check_results": null
}
